
Microsoft Visual Studio Solution File, Format Version 12.00
# Visual Studio Version 17
VisualStudioVersion = 17.6.33829.357
MinimumVisualStudioVersion = 10.0.40219.1
Project("{FAE04EC0-301F-11D3-BF4B-00C04F79EFBC}") = "MethodOverriding", "MethodOverriding\MethodOverriding.csproj", "{BB992EE2-FC54-45E9-BB1A-9FDB16025A12}"
EndProject
Global
	GlobalSection(SolutionConfigurationPlatforms) = preSolution
		Debug|Any CPU = Debug|Any CPU
		Release|Any CPU = Release|Any CPU
	EndGlobalSection
	GlobalSection(ProjectConfigurationPlatforms) = postSolution
		{BB992EE2-FC54-45E9-BB1A-9FDB16025A12}.Debug|Any CPU.ActiveCfg = Debug|Any CPU
		{BB992EE2-FC54-45E9-BB1A-9FDB16025A12}.Debug|Any CPU.Build.0 = Debug|Any CPU
		{BB992EE2-FC54-45E9-BB1A-9FDB16025A12}.Release|Any CPU.ActiveCfg = Release|Any CPU
		{BB992EE2-FC54-45E9-BB1A-9FDB16025A12}.Release|Any CPU.Build.0 = Release|Any CPU
	EndGlobalSection
	GlobalSection(SolutionProperties) = preSolution
		HideSolutionNode = FALSE
	EndGlobalSection
	GlobalSection(ExtensibilityGlobals) = postSolution
		SolutionGuid = {26923B2C-7B7A-44F7-AC0E-991433F06CBA}
	EndGlobalSection
EndGlobal
